
Microsoft Visual Studio Solution File, Format Version 12.00
# Visual Studio Version 16
VisualStudioVersion = 16.0.31112.23
MinimumVisualStudioVersion = 10.0.40219.1
Project("{FAE04EC0-301F-11D3-BF4B-00C04F79EFBC}") = "Demo-GIT", "Demo-GIT\Demo-GIT.csproj", "{A65DE39F-826E-4817-BABD-520771FBCEC3}"
EndProject
Global
	GlobalSection(SolutionConfigurationPlatforms) = preSolution
		Debug|Any CPU = Debug|Any CPU
		Release|Any CPU = Release|Any CPU
	EndGlobalSection
	GlobalSection(ProjectConfigurationPlatforms) = postSolution
		{A65DE39F-826E-4817-BABD-520771FBCEC3}.Debug|Any CPU.ActiveCfg = Debug|Any CPU
		{A65DE39F-826E-4817-BABD-520771FBCEC3}.Debug|Any CPU.Build.0 = Debug|Any CPU
		{A65DE39F-826E-4817-BABD-520771FBCEC3}.Release|Any CPU.ActiveCfg = Release|Any CPU
		{A65DE39F-826E-4817-BABD-520771FBCEC3}.Release|Any CPU.Build.0 = Release|Any CPU
	EndGlobalSection
	GlobalSection(SolutionProperties) = preSolution
		HideSolutionNode = FALSE
	EndGlobalSection
	GlobalSection(ExtensibilityGlobals) = postSolution
		SolutionGuid = {383756BB-996C-41A6-B484-55938C989002}
	EndGlobalSection
EndGlobal
